// !$*UTF8*$!
{
	archiveVersion = 1;
	classes = {
	};
	objectVersion = 46;
	objects = {

/* Begin PBXBuildFile section */
		5C0AC1C6193B0CCF0086BADE /* Foundation.framework in Frameworks */ = {isa = PBXBuildFile; fileRef = 5C0AC1C5193B0CCF0086BADE /* Foundation.framework */; };
		5C0AC1C8193B0CCF0086BADE /* CoreGraphics.framework in Frameworks */ = {isa = PBXBuildFile; fileRef = 5C0AC1C7193B0CCF0086BADE /* CoreGraphics.framework */; };
		5C0AC1CA193B0CCF0086BADE /* UIKit.framework in Frameworks */ = {isa = PBXBuildFile; fileRef = 5C0AC1C9193B0CCF0086BADE /* UIKit.framework */; };
		5C0AC1D0193B0CCF0086BADE /* InfoPlist.strings in Resources */ = {isa = PBXBuildFile; fileRef = 5C0AC1CE193B0CCF0086BADE /* InfoPlist.strings */; };
		5C0AC1D2193B0CCF0086BADE /* main.m in Sources */ = {isa = PBXBuildFile; fileRef = 5C0AC1D1193B0CCF0086BADE /* main.m */; };
		5C0AC1D6193B0CCF0086BADE /* STAppDelegate.m in Sources */ = {isa = PBXBuildFile; fileRef = 5C0AC1D5193B0CCF0086BADE /* STAppDelegate.m */; };
		5C0AC1D9193B0CCF0086BADE /* Main.storyboard in Resources */ = {isa = PBXBuildFile; fileRef = 5C0AC1D7193B0CCF0086BADE /* Main.storyboard */; };
		5C0AC1DC193B0CCF0086BADE /* STViewController.m in Sources */ = {isa = PBXBuildFile; fileRef = 5C0AC1DB193B0CCF0086BADE /* STViewController.m */; };
		5C0AC1DE193B0CCF0086BADE /* Images.xcassets in Resources */ = {isa = PBXBuildFile; fileRef = 5C0AC1DD193B0CCF0086BADE /* Images.xcassets */; };
		5C0AC1E5193B0CCF0086BADE /* XCTest.framework in Frameworks */ = {isa = PBXBuildFile; fileRef = 5C0AC1E4193B0CCF0086BADE /* XCTest.framework */; };
		5C0AC1E6193B0CCF0086BADE /* Foundation.framework in Frameworks */ = {isa = PBXBuildFile; fileRef = 5C0AC1C5193B0CCF0086BADE /* Foundation.framework */; };
		5C0AC1E7193B0CCF0086BADE /* UIKit.framework in Frameworks */ = {isa = PBXBuildFile; fileRef = 5C0AC1C9193B0CCF0086BADE /* UIKit.framework */; };
		5C0AC1EF193B0CCF0086BADE /* InfoPlist.strings in Resources */ = {isa = PBXBuildFile; fileRef = 5C0AC1ED193B0CCF0086BADE /* InfoPlist.strings */; };
		5C0AC1F1193B0CCF0086BADE /* STTests.m in Sources */ = {isa = PBXBuildFile; fileRef = 5C0AC1F0193B0CCF0086BADE /* STTests.m */; };
		5C0AC213193B1D310086BADE /* 1Star.png in Resources */ = {isa = PBXBuildFile; fileRef = 5C0AC1FB193B1D310086BADE /* 1Star.png */; };
		5C0AC214193B1D310086BADE /* 1Star@2x.png in Resources */ = {isa = PBXBuildFile; fileRef = 5C0AC1FC193B1D310086BADE /* 1Star@2x.png */; };
		5C0AC215193B1D310086BADE /* 1StarSmall.png in Resources */ = {isa = PBXBuildFile; fileRef = 5C0AC1FD193B1D310086BADE /* 1StarSmall.png */; };
		5C0AC216193B1D310086BADE /* 1StarSmall@2x.png in Resources */ = {isa = PBXBuildFile; fileRef = 5C0AC1FE193B1D310086BADE /* 1StarSmall@2x.png */; };
		5C0AC217193B1D310086BADE /* 2Stars.png in Resources */ = {isa = PBXBuildFile; fileRef = 5C0AC1FF193B1D310086BADE /* 2Stars.png */; };
		5C0AC218193B1D310086BADE /* 2Stars@2x.png in Resources */ = {isa = PBXBuildFile; fileRef = 5C0AC200193B1D310086BADE /* 2Stars@2x.png */; };
		5C0AC219193B1D310086BADE /* 2StarsSmall.png in Resources */ = {isa = PBXBuildFile; fileRef = 5C0AC201193B1D310086BADE /* 2StarsSmall.png */; };
		5C0AC21A193B1D310086BADE /* 2StarsSmall@2x.png in Resources */ = {isa = PBXBuildFile; fileRef = 5C0AC202193B1D310086BADE /* 2StarsSmall@2x.png */; };
		5C0AC21B193B1D310086BADE /* 3Stars.png in Resources */ = {isa = PBXBuildFile; fileRef = 5C0AC203193B1D310086BADE /* 3Stars.png */; };
		5C0AC21C193B1D310086BADE /* 3Stars@2x.png in Resources */ = {isa = PBXBuildFile; fileRef = 5C0AC204193B1D310086BADE /* 3Stars@2x.png */; };
		5C0AC21D193B1D310086BADE /* 3StarsSmall.png in Resources */ = {isa = PBXBuildFile; fileRef = 5C0AC205193B1D310086BADE /* 3StarsSmall.png */; };
		5C0AC21E193B1D310086BADE /* 3StarsSmall@2x.png in Resources */ = {isa = PBXBuildFile; fileRef = 5C0AC206193B1D310086BADE /* 3StarsSmall@2x.png */; };
		5C0AC21F193B1D310086BADE /* 4Stars.png in Resources */ = {isa = PBXBuildFile; fileRef = 5C0AC207193B1D310086BADE /* 4Stars.png */; };
		5C0AC220193B1D310086BADE /* 4Stars@2x.png in Resources */ = {isa = PBXBuildFile; fileRef = 5C0AC208193B1D310086BADE /* 4Stars@2x.png */; };
		5C0AC221193B1D310086BADE /* 4StarsSmall.png in Resources */ = {isa = PBXBuildFile; fileRef = 5C0AC209193B1D310086BADE /* 4StarsSmall.png */; };
		5C0AC222193B1D310086BADE /* 4StarsSmall@2x.png in Resources */ = {isa = PBXBuildFile; fileRef = 5C0AC20A193B1D310086BADE /* 4StarsSmall@2x.png */; };
		5C0AC223193B1D310086BADE /* 5Stars.png in Resources */ = {isa = PBXBuildFile; fileRef = 5C0AC20B193B1D310086BADE /* 5Stars.png */; };
		5C0AC224193B1D310086BADE /* 5Stars@2x.png in Resources */ = {isa = PBXBuildFile; fileRef = 5C0AC20C193B1D310086BADE /* 5Stars@2x.png */; };
		5C0AC225193B1D310086BADE /* 5StarsSmall.png in Resources */ = {isa = PBXBuildFile; fileRef = 5C0AC20D193B1D310086BADE /* 5StarsSmall.png */; };
		5C0AC226193B1D310086BADE /* 5StarsSmall@2x.png in Resources */ = {isa = PBXBuildFile; fileRef = 5C0AC20E193B1D310086BADE /* 5StarsSmall@2x.png */; };
		5C0AC227193B1D310086BADE /* Gestures.png in Resources */ = {isa = PBXBuildFile; fileRef = 5C0AC20F193B1D310086BADE /* Gestures.png */; };
		5C0AC228193B1D310086BADE /* Gestures@2x.png in Resources */ = {isa = PBXBuildFile; fileRef = 5C0AC210193B1D310086BADE /* Gestures@2x.png */; };
		5C0AC229193B1D310086BADE /* Players.png in Resources */ = {isa = PBXBuildFile; fileRef = 5C0AC211193B1D310086BADE /* Players.png */; };
		5C0AC22A193B1D310086BADE /* Players@2x.png in Resources */ = {isa = PBXBuildFile; fileRef = 5C0AC212193B1D310086BADE /* Players@2x.png */; };
		5C0AC22D193B1EE70086BADE /* STPlayersTableViewController.m in Sources */ = {isa = PBXBuildFile; fileRef = 5C0AC22C193B1EE70086BADE /* STPlayersTableViewController.m */; };
		5C0AC230193B1F980086BADE /* STPlayer.m in Sources */ = {isa = PBXBuildFile; fileRef = 5C0AC22F193B1F980086BADE /* STPlayer.m */; };
		5C0AC233193B2D4D0086BADE /* STPlayerCell.m in Sources */ = {isa = PBXBuildFile; fileRef = 5C0AC232193B2D4D0086BADE /* STPlayerCell.m */; };
		5C0AC238193ECA740086BADE /* STPickGameViewController.m in Sources */ = {isa = PBXBuildFile; fileRef = 5C0AC237193ECA740086BADE /* STPickGameViewController.m */; };
		A82788FE193CA641002892A7 /* STPlayerDetailViewController.m in Sources */ = {isa = PBXBuildFile; fileRef = A82788FD193CA641002892A7 /* STPlayerDetailViewController.m */; };
/* End PBXBuildFile section */

/* Begin PBXContainerItemProxy section */
		5C0AC1E8193B0CCF0086BADE /* PBXContainerItemProxy */ = {
			isa = PBXContainerItemProxy;
			containerPortal = 5C0AC1BA193B0CCF0086BADE /* Project object */;
			proxyType = 1;
			remoteGlobalIDString = 5C0AC1C1193B0CCF0086BADE;
			remoteInfo = ST;
		};
/* End PBXContainerItemProxy section */

/* Begin PBXFileReference section */
		5C0AC1C2193B0CCF0086BADE /* ST.app */ = {isa = PBXFileReference; explicitFileType = wrapper.application; includeInIndex = 0; path = ST.app; sourceTree = BUILT_PRODUCTS_DIR; };
		5C0AC1C5193B0CCF0086BADE /* Foundation.framework */ = {isa = PBXFileReference; lastKnownFileType = wrapper.framework; name = Foundation.framework; path = System/Library/Frameworks/Foundation.framework; sourceTree = SDKROOT; };
		5C0AC1C7193B0CCF0086BADE /* CoreGraphics.framework */ = {isa = PBXFileReference; lastKnownFileType = wrapper.framework; name = CoreGraphics.framework; path = System/Library/Frameworks/CoreGraphics.framework; sourceTree = SDKROOT; };
		5C0AC1C9193B0CCF0086BADE /* UIKit.framework */ = {isa = PBXFileReference; lastKnownFileType = wrapper.framework; name = UIKit.framework; path = System/Library/Frameworks/UIKit.framework; sourceTree = SDKROOT; };
		5C0AC1CD193B0CCF0086BADE /* ST-Info.plist */ = {isa = PBXFileReference; lastKnownFileType = text.plist.xml; path = "ST-Info.plist"; sourceTree = "<group>"; };
		5C0AC1CF193B0CCF0086BADE /* en */ = {isa = PBXFileReference; lastKnownFileType = text.plist.strings; name = en; path = en.lproj/InfoPlist.strings; sourceTree = "<group>"; };
		5C0AC1D1193B0CCF0086BADE /* main.m */ = {isa = PBXFileReference; lastKnownFileType = sourcecode.c.objc; path = main.m; sourceTree = "<group>"; };
		5C0AC1D3193B0CCF0086BADE /* ST-Prefix.pch */ = {isa = PBXFileReference; lastKnownFileType = sourcecode.c.h; path = "ST-Prefix.pch"; sourceTree = "<group>"; };
		5C0AC1D4193B0CCF0086BADE /* STAppDelegate.h */ = {isa = PBXFileReference; lastKnownFileType = sourcecode.c.h; path = STAppDelegate.h; sourceTree = "<group>"; };
		5C0AC1D5193B0CCF0086BADE /* STAppDelegate.m */ = {isa = PBXFileReference; lastKnownFileType = sourcecode.c.objc; path = STAppDelegate.m; sourceTree = "<group>"; };
		5C0AC1D8193B0CCF0086BADE /* Base */ = {isa = PBXFileReference; lastKnownFileType = file.storyboard; name = Base; path = Base.lproj/Main.storyboard; sourceTree = "<group>"; };
		5C0AC1DA193B0CCF0086BADE /* STViewController.h */ = {isa = PBXFileReference; lastKnownFileType = sourcecode.c.h; path = STViewController.h; sourceTree = "<group>"; };
		5C0AC1DB193B0CCF0086BADE /* STViewController.m */ = {isa = PBXFileReference; lastKnownFileType = sourcecode.c.objc; path = STViewController.m; sourceTree = "<group>"; };
		5C0AC1DD193B0CCF0086BADE /* Images.xcassets */ = {isa = PBXFileReference; lastKnownFileType = folder.assetcatalog; path = Images.xcassets; sourceTree = "<group>"; };
		5C0AC1E3193B0CCF0086BADE /* STTests.xctest */ = {isa = PBXFileReference; explicitFileType = wrapper.cfbundle; includeInIndex = 0; path = STTests.xctest; sourceTree = BUILT_PRODUCTS_DIR; };
		5C0AC1E4193B0CCF0086BADE /* XCTest.framework */ = {isa = PBXFileReference; lastKnownFileType = wrapper.framework; name = XCTest.framework; path = Library/Frameworks/XCTest.framework; sourceTree = DEVELOPER_DIR; };
		5C0AC1EC193B0CCF0086BADE /* STTests-Info.plist */ = {isa = PBXFileReference; lastKnownFileType = text.plist.xml; path = "STTests-Info.plist"; sourceTree = "<group>"; };
		5C0AC1EE193B0CCF0086BADE /* en */ = {isa = PBXFileReference; lastKnownFileType = text.plist.strings; name = en; path = en.lproj/InfoPlist.strings; sourceTree = "<group>"; };
		5C0AC1F0193B0CCF0086BADE /* STTests.m */ = {isa = PBXFileReference; lastKnownFileType = sourcecode.c.objc; path = STTests.m; sourceTree = "<group>"; };
		5C0AC1FB193B1D310086BADE /* 1Star.png */ = {isa = PBXFileReference; lastKnownFileType = image.png; path = 1Star.png; sourceTree = "<group>"; };
		5C0AC1FC193B1D310086BADE /* 1Star@2x.png */ = {isa = PBXFileReference; lastKnownFileType = image.png; path = "1Star@2x.png"; sourceTree = "<group>"; };
		5C0AC1FD193B1D310086BADE /* 1StarSmall.png */ = {isa = PBXFileReference; lastKnownFileType = image.png; path = 1StarSmall.png; sourceTree = "<group>"; };
		5C0AC1FE193B1D310086BADE /* 1StarSmall@2x.png */ = {isa = PBXFileReference; lastKnownFileType = image.png; path = "1StarSmall@2x.png"; sourceTree = "<group>"; };
		5C0AC1FF193B1D310086BADE /* 2Stars.png */ = {isa = PBXFileReference; lastKnownFileType = image.png; path = 2Stars.png; sourceTree = "<group>"; };
		5C0AC200193B1D310086BADE /* 2Stars@2x.png */ = {isa = PBXFileReference; lastKnownFileType = image.png; path = "2Stars@2x.png"; sourceTree = "<group>"; };
		5C0AC201193B1D310086BADE /* 2StarsSmall.png */ = {isa = PBXFileReference; lastKnownFileType = image.png; path = 2StarsSmall.png; sourceTree = "<group>"; };
		5C0AC202193B1D310086BADE /* 2StarsSmall@2x.png */ = {isa = PBXFileReference; lastKnownFileType = image.png; path = "2StarsSmall@2x.png"; sourceTree = "<group>"; };
		5C0AC203193B1D310086BADE /* 3Stars.png */ = {isa = PBXFileReference; lastKnownFileType = image.png; path = 3Stars.png; sourceTree = "<group>"; };
		5C0AC204193B1D310086BADE /* 3Stars@2x.png */ = {isa = PBXFileReference; lastKnownFileType = image.png; path = "3Stars@2x.png"; sourceTree = "<group>"; };
		5C0AC205193B1D310086BADE /* 3StarsSmall.png */ = {isa = PBXFileReference; lastKnownFileType = image.png; path = 3StarsSmall.png; sourceTree = "<group>"; };
		5C0AC206193B1D310086BADE /* 3StarsSmall@2x.png */ = {isa = PBXFileReference; lastKnownFileType = image.png; path = "3StarsSmall@2x.png"; sourceTree = "<group>"; };
		5C0AC207193B1D310086BADE /* 4Stars.png */ = {isa = PBXFileReference; lastKnownFileType = image.png; path = 4Stars.png; sourceTree = "<group>"; };
		5C0AC208193B1D310086BADE /* 4Stars@2x.png */ = {isa = PBXFileReference; lastKnownFileType = image.png; path = "4Stars@2x.png"; sourceTree = "<group>"; };
		5C0AC209193B1D310086BADE /* 4StarsSmall.png */ = {isa = PBXFileReference; lastKnownFileType = image.png; path = 4StarsSmall.png; sourceTree = "<group>"; };
		5C0AC20A193B1D310086BADE /* 4StarsSmall@2x.png */ = {isa = PBXFileReference; lastKnownFileType = image.png; path = "4StarsSmall@2x.png"; sourceTree = "<group>"; };
		5C0AC20B193B1D310086BADE /* 5Stars.png */ = {isa = PBXFileReference; lastKnownFileType = image.png; path = 5Stars.png; sourceTree = "<group>"; };
		5C0AC20C193B1D310086BADE /* 5Stars@2x.png */ = {isa = PBXFileReference; lastKnownFileType = image.png; path = "5Stars@2x.png"; sourceTree = "<group>"; };
		5C0AC20D193B1D310086BADE /* 5StarsSmall.png */ = {isa = PBXFileReference; lastKnownFileType = image.png; path = 5StarsSmall.png; sourceTree = "<group>"; };
		5C0AC20E193B1D310086BADE /* 5StarsSmall@2x.png */ = {isa = PBXFileReference; lastKnownFileType = image.png; path = "5StarsSmall@2x.png"; sourceTree = "<group>"; };
		5C0AC20F193B1D310086BADE /* Gestures.png */ = {isa = PBXFileReference; lastKnownFileType = image.png; path = Gestures.png; sourceTree = "<group>"; };
		5C0AC210193B1D310086BADE /* Gestures@2x.png */ = {isa = PBXFileReference; lastKnownFileType = image.png; path = "Gestures@2x.png"; sourceTree = "<group>"; };
		5C0AC211193B1D310086BADE /* Players.png */ = {isa = PBXFileReference; lastKnownFileType = image.png; path = Players.png; sourceTree = "<group>"; };
		5C0AC212193B1D310086BADE /* Players@2x.png */ = {isa = PBXFileReference; lastKnownFileType = image.png; path = "Players@2x.png"; sourceTree = "<group>"; };
		5C0AC22B193B1EE70086BADE /* STPlayersTableViewController.h */ = {isa = PBXFileReference; fileEncoding = 4; lastKnownFileType = sourcecode.c.h; path = STPlayersTableViewController.h; sourceTree = "<group>"; };
		5C0AC22C193B1EE70086BADE /* STPlayersTableViewController.m */ = {isa = PBXFileReference; fileEncoding = 4; lastKnownFileType = sourcecode.c.objc; path = STPlayersTableViewController.m; sourceTree = "<group>"; };
		5C0AC22E193B1F980086BADE /* STPlayer.h */ = {isa = PBXFileReference; fileEncoding = 4; lastKnownFileType = sourcecode.c.h; path = STPlayer.h; sourceTree = "<group>"; };
		5C0AC22F193B1F980086BADE /* STPlayer.m */ = {isa = PBXFileReference; fileEncoding = 4; lastKnownFileType = sourcecode.c.objc; path = STPlayer.m; sourceTree = "<group>"; };
		5C0AC231193B2D4D0086BADE /* STPlayerCell.h */ = {isa = PBXFileReference; fileEncoding = 4; lastKnownFileType = sourcecode.c.h; path = STPlayerCell.h; sourceTree = SOURCE_ROOT; };
		5C0AC232193B2D4D0086BADE /* STPlayerCell.m */ = {isa = PBXFileReference; fileEncoding = 4; lastKnownFileType = sourcecode.c.objc; path = STPlayerCell.m; sourceTree = SOURCE_ROOT; };
		5C0AC236193ECA740086BADE /* STPickGameViewController.h */ = {isa = PBXFileReference; fileEncoding = 4; lastKnownFileType = sourcecode.c.h; path = STPickGameViewController.h; sourceTree = SOURCE_ROOT; };
		5C0AC237193ECA740086BADE /* STPickGameViewController.m */ = {isa = PBXFileReference; fileEncoding = 4; lastKnownFileType = sourcecode.c.objc; path = STPickGameViewController.m; sourceTree = SOURCE_ROOT; };
		A82788FC193CA641002892A7 /* STPlayerDetailViewController.h */ = {isa = PBXFileReference; fileEncoding = 4; lastKnownFileType = sourcecode.c.h; path = STPlayerDetailViewController.h; sourceTree = "<group>"; };
		A82788FD193CA641002892A7 /* STPlayerDetailViewController.m */ = {isa = PBXFileReference; fileEncoding = 4; lastKnownFileType = sourcecode.c.objc; path = STPlayerDetailViewController.m; sourceTree = "<group>"; };
/* End PBXFileReference section */

/* Begin PBXFrameworksBuildPhase section */
		5C0AC1BF193B0CCF0086BADE /* Frameworks */ = {
			isa = PBXFrameworksBuildPhase;
			buildActionMask = 2147483647;
			files = (
				5C0AC1C8193B0CCF0086BADE /* CoreGraphics.framework in Frameworks */,
				5C0AC1CA193B0CCF0086BADE /* UIKit.framework in Frameworks */,
				5C0AC1C6193B0CCF0086BADE /* Foundation.framework in Frameworks */,
			);
			runOnlyForDeploymentPostprocessing = 0;
		};
		5C0AC1E0193B0CCF0086BADE /* Frameworks */ = {
			isa = PBXFrameworksBuildPhase;
			buildActionMask = 2147483647;
			files = (
				5C0AC1E5193B0CCF0086BADE /* XCTest.framework in Frameworks */,
				5C0AC1E7193B0CCF0086BADE /* UIKit.framework in Frameworks */,
				5C0AC1E6193B0CCF0086BADE /* Foundation.framework in Frameworks */,
			);
			runOnlyForDeploymentPostprocessing = 0;
		};
/* End PBXFrameworksBuildPhase section */

/* Begin PBXGroup section */
		5C0AC1B9193B0CCF0086BADE = {
			isa = PBXGroup;
			children = (
				5C0AC1CB193B0CCF0086BADE /* ST */,
				5C0AC1EA193B0CCF0086BADE /* STTests */,
				5C0AC1C4193B0CCF0086BADE /* Frameworks */,
				5C0AC1C3193B0CCF0086BADE /* Products */,
			);
			sourceTree = "<group>";
		};
		5C0AC1C3193B0CCF0086BADE /* Products */ = {
			isa = PBXGroup;
			children = (
				5C0AC1C2193B0CCF0086BADE /* ST.app */,
				5C0AC1E3193B0CCF0086BADE /* STTests.xctest */,
			);
			name = Products;
			sourceTree = "<group>";
		};
		5C0AC1C4193B0CCF0086BADE /* Frameworks */ = {
			isa = PBXGroup;
			children = (
				5C0AC1C5193B0CCF0086BADE /* Foundation.framework */,
				5C0AC1C7193B0CCF0086BADE /* CoreGraphics.framework */,
				5C0AC1C9193B0CCF0086BADE /* UIKit.framework */,
				5C0AC1E4193B0CCF0086BADE /* XCTest.framework */,
			);
			name = Frameworks;
			sourceTree = "<group>";
		};
		5C0AC1CB193B0CCF0086BADE /* ST */ = {
			isa = PBXGroup;
			children = (
				5C0AC236193ECA740086BADE /* STPickGameViewController.h */,
				5C0AC237193ECA740086BADE /* STPickGameViewController.m */,
				5C0AC231193B2D4D0086BADE /* STPlayerCell.h */,
				5C0AC232193B2D4D0086BADE /* STPlayerCell.m */,
				5C0AC22B193B1EE70086BADE /* STPlayersTableViewController.h */,
				5C0AC22E193B1F980086BADE /* STPlayer.h */,
				5C0AC22F193B1F980086BADE /* STPlayer.m */,
				5C0AC22C193B1EE70086BADE /* STPlayersTableViewController.m */,
				5C0AC1D4193B0CCF0086BADE /* STAppDelegate.h */,
				5C0AC1D5193B0CCF0086BADE /* STAppDelegate.m */,
				5C0AC1D7193B0CCF0086BADE /* Main.storyboard */,
				A82788FC193CA641002892A7 /* STPlayerDetailViewController.h */,
				A82788FD193CA641002892A7 /* STPlayerDetailViewController.m */,
				5C0AC1DA193B0CCF0086BADE /* STViewController.h */,
				5C0AC1DB193B0CCF0086BADE /* STViewController.m */,
				5C0AC1DD193B0CCF0086BADE /* Images.xcassets */,
				5C0AC1CC193B0CCF0086BADE /* Supporting Files */,
			);
			path = ST;
			sourceTree = "<group>";
		};
		5C0AC1CC193B0CCF0086BADE /* Supporting Files */ = {
			isa = PBXGroup;
			children = (
				5C0AC1FA193B1D310086BADE /* Images */,
				5C0AC1CD193B0CCF0086BADE /* ST-Info.plist */,
				5C0AC1CE193B0CCF0086BADE /* InfoPlist.strings */,
				5C0AC1D1193B0CCF0086BADE /* main.m */,
				5C0AC1D3193B0CCF0086BADE /* ST-Prefix.pch */,
			);
			name = "Supporting Files";
			sourceTree = "<group>";
		};
		5C0AC1EA193B0CCF0086BADE /* STTests */ = {
			isa = PBXGroup;
			children = (
				5C0AC1F0193B0CCF0086BADE /* STTests.m */,
				5C0AC1EB193B0CCF0086BADE /* Supporting Files */,
			);
			path = STTests;
			sourceTree = "<group>";
		};
		5C0AC1EB193B0CCF0086BADE /* Supporting Files */ = {
			isa = PBXGroup;
			children = (
				5C0AC1EC193B0CCF0086BADE /* STTests-Info.plist */,
				5C0AC1ED193B0CCF0086BADE /* InfoPlist.strings */,
			);
			name = "Supporting Files";
			sourceTree = "<group>";
		};
		5C0AC1FA193B1D310086BADE /* Images */ = {
			isa = PBXGroup;
			children = (
				5C0AC1FB193B1D310086BADE /* 1Star.png */,
				5C0AC1FC193B1D310086BADE /* 1Star@2x.png */,
				5C0AC1FD193B1D310086BADE /* 1StarSmall.png */,
				5C0AC1FE193B1D310086BADE /* 1StarSmall@2x.png */,
				5C0AC1FF193B1D310086BADE /* 2Stars.png */,
				5C0AC200193B1D310086BADE /* 2Stars@2x.png */,
				5C0AC201193B1D310086BADE /* 2StarsSmall.png */,
				5C0AC202193B1D310086BADE /* 2StarsSmall@2x.png */,
				5C0AC203193B1D310086BADE /* 3Stars.png */,
				5C0AC204193B1D310086BADE /* 3Stars@2x.png */,
				5C0AC205193B1D310086BADE /* 3StarsSmall.png */,
				5C0AC206193B1D310086BADE /* 3StarsSmall@2x.png */,
				5C0AC207193B1D310086BADE /* 4Stars.png */,
				5C0AC208193B1D310086BADE /* 4Stars@2x.png */,
				5C0AC209193B1D310086BADE /* 4StarsSmall.png */,
				5C0AC20A193B1D310086BADE /* 4StarsSmall@2x.png */,
				5C0AC20B193B1D310086BADE /* 5Stars.png */,
				5C0AC20C193B1D310086BADE /* 5Stars@2x.png */,
				5C0AC20D193B1D310086BADE /* 5StarsSmall.png */,
				5C0AC20E193B1D310086BADE /* 5StarsSmall@2x.png */,
				5C0AC20F193B1D310086BADE /* Gestures.png */,
				5C0AC210193B1D310086BADE /* Gestures@2x.png */,
				5C0AC211193B1D310086BADE /* Players.png */,
				5C0AC212193B1D310086BADE /* Players@2x.png */,
			);
			path = Images;
			sourceTree = "<group>";
		};
/* End PBXGroup section */

/* Begin PBXNativeTarget section */
		5C0AC1C1193B0CCF0086BADE /* ST */ = {
			isa = PBXNativeTarget;
			buildConfigurationList = 5C0AC1F4193B0CCF0086BADE /* Build configuration list for PBXNativeTarget "ST" */;
			buildPhases = (
				5C0AC1BE193B0CCF0086BADE /* Sources */,
				5C0AC1BF193B0CCF0086BADE /* Frameworks */,
				5C0AC1C0193B0CCF0086BADE /* Resources */,
			);
			buildRules = (
			);
			dependencies = (
			);
			name = ST;
			productName = ST;
			productReference = 5C0AC1C2193B0CCF0086BADE /* ST.app */;
			productType = "com.apple.product-type.application";
		};
		5C0AC1E2193B0CCF0086BADE /* STTests */ = {
			isa = PBXNativeTarget;
			buildConfigurationList = 5C0AC1F7193B0CCF0086BADE /* Build configuration list for PBXNativeTarget "STTests" */;
			buildPhases = (
				5C0AC1DF193B0CCF0086BADE /* Sources */,
				5C0AC1E0193B0CCF0086BADE /* Frameworks */,
				5C0AC1E1193B0CCF0086BADE /* Resources */,
			);
			buildRules = (
			);
			dependencies = (
				5C0AC1E9193B0CCF0086BADE /* PBXTargetDependency */,
			);
			name = STTests;
			productName = STTests;
			productReference = 5C0AC1E3193B0CCF0086BADE /* STTests.xctest */;
			productType = "com.apple.product-type.bundle.unit-test";
		};
/* End PBXNativeTarget section */

/* Begin PBXProject section */
		5C0AC1BA193B0CCF0086BADE /* Project object */ = {
			isa = PBXProject;
			attributes = {
				CLASSPREFIX = ST;
				LastUpgradeCheck = 0510;
				ORGANIZATIONNAME = PanKyle;
				TargetAttributes = {
					5C0AC1E2193B0CCF0086BADE = {
						TestTargetID = 5C0AC1C1193B0CCF0086BADE;
					};
				};
			};
			buildConfigurationList = 5C0AC1BD193B0CCF0086BADE /* Build configuration list for PBXProject "ST" */;
			compatibilityVersion = "Xcode 3.2";
			developmentRegion = English;
			hasScannedForEncodings = 0;
			knownRegions = (
				en,
				Base,
			);
			mainGroup = 5C0AC1B9193B0CCF0086BADE;
			productRefGroup = 5C0AC1C3193B0CCF0086BADE /* Products */;
			projectDirPath = "";
			projectRoot = "";
			targets = (
				5C0AC1C1193B0CCF0086BADE /* ST */,
				5C0AC1E2193B0CCF0086BADE /* STTests */,
			);
		};
/* End PBXProject section */

/* Begin PBXResourcesBuildPhase section */
		5C0AC1C0193B0CCF0086BADE /* Resources */ = {
			isa = PBXResourcesBuildPhase;
			buildActionMask = 2147483647;
			files = (
				5C0AC219193B1D310086BADE /* 2StarsSmall.png in Resources */,
				5C0AC225193B1D310086BADE /* 5StarsSmall.png in Resources */,
				5C0AC218193B1D310086BADE /* 2Stars@2x.png in Resources */,
				5C0AC221193B1D310086BADE /* 4StarsSmall.png in Resources */,
				5C0AC216193B1D310086BADE /* 1StarSmall@2x.png in Resources */,
				5C0AC1DE193B0CCF0086BADE /* Images.xcassets in Resources */,
				5C0AC222193B1D310086BADE /* 4StarsSmall@2x.png in Resources */,
				5C0AC1D0193B0CCF0086BADE /* InfoPlist.strings in Resources */,
				5C0AC228193B1D310086BADE /* Gestures@2x.png in Resources */,
				5C0AC21B193B1D310086BADE /* 3Stars.png in Resources */,
				5C0AC227193B1D310086BADE /* Gestures.png in Resources */,
				5C0AC1D9193B0CCF0086BADE /* Main.storyboard in Resources */,
				5C0AC229193B1D310086BADE /* Players.png in Resources */,
				5C0AC21D193B1D310086BADE /* 3StarsSmall.png in Resources */,
				5C0AC217193B1D310086BADE /* 2Stars.png in Resources */,
				5C0AC21E193B1D310086BADE /* 3StarsSmall@2x.png in Resources */,
				5C0AC215193B1D310086BADE /* 1StarSmall.png in Resources */,
				5C0AC21C193B1D310086BADE /* 3Stars@2x.png in Resources */,
				5C0AC22A193B1D310086BADE /* Players@2x.png in Resources */,
				5C0AC213193B1D310086BADE /* 1Star.png in Resources */,
				5C0AC21A193B1D310086BADE /* 2StarsSmall@2x.png in Resources */,
				5C0AC21F193B1D310086BADE /* 4Stars.png in Resources */,
				5C0AC214193B1D310086BADE /* 1Star@2x.png in Resources */,
				5C0AC226193B1D310086BADE /* 5StarsSmall@2x.png in Resources */,
				5C0AC220193B1D310086BADE /* 4Stars@2x.png in Resources */,
				5C0AC224193B1D310086BADE /* 5Stars@2x.png in Resources */,
				5C0AC223193B1D310086BADE /* 5Stars.png in Resources */,
			);
			runOnlyForDeploymentPostprocessing = 0;
		};
		5C0AC1E1193B0CCF0086BADE /* Resources */ = {
			isa = PBXResourcesBuildPhase;
			buildActionMask = 2147483647;
			files = (
				5C0AC1EF193B0CCF0086BADE /* InfoPlist.strings in Resources */,
			);
			runOnlyForDeploymentPostprocessing = 0;
		};
/* End PBXResourcesBuildPhase section */

/* Begin PBXSourcesBuildPhase section */
		5C0AC1BE193B0CCF0086BADE /* Sources */ = {
			isa = PBXSourcesBuildPhase;
			buildActionMask = 2147483647;
			files = (
				5C0AC1DC193B0CCF0086BADE /* STViewController.m in Sources */,
				5C0AC233193B2D4D0086BADE /* STPlayerCell.m in Sources */,
				5C0AC1D2193B0CCF0086BADE /* main.m in Sources */,
				5C0AC230193B1F980086BADE /* STPlayer.m in Sources */,
				5C0AC238193ECA740086BADE /* STPickGameViewController.m in Sources */,
				5C0AC1D6193B0CCF0086BADE /* STAppDelegate.m in Sources */,
				5C0AC22D193B1EE70086BADE /* STPlayersTableViewController.m in Sources */,
				A82788FE193CA641002892A7 /* STPlayerDetailViewController.m in Sources */,
			);
			runOnlyForDeploymentPostprocessing = 0;
		};
		5C0AC1DF193B0CCF0086BADE /* Sources */ = {
			isa = PBXSourcesBuildPhase;
			buildActionMask = 2147483647;
			files = (
				5C0AC1F1193B0CCF0086BADE /* STTests.m in Sources */,
			);
			runOnlyForDeploymentPostprocessing = 0;
		};
/* End PBXSourcesBuildPhase section */

/* Begin PBXTargetDependency section */
		5C0AC1E9193B0CCF0086BADE /* PBXTargetDependency */ = {
			isa = PBXTargetDependency;
			target = 5C0AC1C1193B0CCF0086BADE /* ST */;
			targetProxy = 5C0AC1E8193B0CCF0086BADE /* PBXContainerItemProxy */;
		};
/* End PBXTargetDependency section */

/* Begin PBXVariantGroup section */
		5C0AC1CE193B0CCF0086BADE /* InfoPlist.strings */ = {
			isa = PBXVariantGroup;
			children = (
				5C0AC1CF193B0CCF0086BADE /* en */,
			);
			name = InfoPlist.strings;
			sourceTree = "<group>";
		};
		5C0AC1D7193B0CCF0086BADE /* Main.storyboard */ = {
			isa = PBXVariantGroup;
			children = (
				5C0AC1D8193B0CCF0086BADE /* Base */,
			);
			name = Main.storyboard;
			sourceTree = "<group>";
		};
		5C0AC1ED193B0CCF0086BADE /* InfoPlist.strings */ = {
			isa = PBXVariantGroup;
			children = (
				5C0AC1EE193B0CCF0086BADE /* en */,
			);
			name = InfoPlist.strings;
			sourceTree = "<group>";
		};
/* End PBXVariantGroup section */

/* Begin XCBuildConfiguration section */
		5C0AC1F2193B0CCF0086BADE /* Debug */ = {
			isa = XCBuildConfiguration;
			buildSettings = {
				ALWAYS_SEARCH_USER_PATHS = NO;
				CLANG_CXX_LANGUAGE_STANDARD = "gnu++0x";
				CLANG_CXX_LIBRARY = "libc++";
				CLANG_ENABLE_MODULES = YES;
				CLANG_ENABLE_OBJC_ARC = YES;
				CLANG_WARN_BOOL_CONVERSION = YES;
				CLANG_WARN_CONSTANT_CONVERSION = YES;
				CLANG_WARN_DIRECT_OBJC_ISA_USAGE = YES_ERROR;
				CLANG_WARN_EMPTY_BODY = YES;
				CLANG_WARN_ENUM_CONVERSION = YES;
				CLANG_WARN_INT_CONVERSION = YES;
				CLANG_WARN_OBJC_ROOT_CLASS = YES_ERROR;
				CLANG_WARN__DUPLICATE_METHOD_MATCH = YES;
				"CODE_SIGN_IDENTITY[sdk=iphoneos*]" = "iPhone Developer";
				COPY_PHASE_STRIP = NO;
				GCC_C_LANGUAGE_STANDARD = gnu99;
				GCC_DYNAMIC_NO_PIC = NO;
				GCC_OPTIMIZATION_LEVEL = 0;
				GCC_PREPROCESSOR_DEFINITIONS = (
					"DEBUG=1",
					"$(inherited)",
				);
				GCC_SYMBOLS_PRIVATE_EXTERN = NO;
				GCC_WARN_64_TO_32_BIT_CONVERSION = YES;
				GCC_WARN_ABOUT_RETURN_TYPE = YES_ERROR;
				GCC_WARN_UNDECLARED_SELECTOR = YES;
				GCC_WARN_UNINITIALIZED_AUTOS = YES_AGGRESSIVE;
				GCC_WARN_UNUSED_FUNCTION = YES;
				GCC_WARN_UNUSED_VARIABLE = YES;
				IPHONEOS_DEPLOYMENT_TARGET = 7.1;
				ONLY_ACTIVE_ARCH = YES;
				SDKROOT = iphoneos;
			};
			name = Debug;
		};
		5C0AC1F3193B0CCF0086BADE /* Release */ = {
			isa = XCBuildConfiguration;
			buildSettings = {
				ALWAYS_SEARCH_USER_PATHS = NO;
				CLANG_CXX_LANGUAGE_STANDARD = "gnu++0x";
				CLANG_CXX_LIBRARY = "libc++";
				CLANG_ENABLE_MODULES = YES;
				CLANG_ENABLE_OBJC_ARC = YES;
				CLANG_WARN_BOOL_CONVERSION = YES;
				CLANG_WARN_CONSTANT_CONVERSION = YES;
				CLANG_WARN_DIRECT_OBJC_ISA_USAGE = YES_ERROR;
				CLANG_WARN_EMPTY_BODY = YES;
				CLANG_WARN_ENUM_CONVERSION = YES;
				CLANG_WARN_INT_CONVERSION = YES;
				CLANG_WARN_OBJC_ROOT_CLASS = YES_ERROR;
				CLANG_WARN__DUPLICATE_METHOD_MATCH = YES;
				"CODE_SIGN_IDENTITY[sdk=iphoneos*]" = "iPhone Developer";
				COPY_PHASE_STRIP = YES;
				ENABLE_NS_ASSERTIONS = NO;
				GCC_C_LANGUAGE_STANDARD = gnu99;
				GCC_WARN_64_TO_32_BIT_CONVERSION = YES;
				GCC_WARN_ABOUT_RETURN_TYPE = YES_ERROR;
				GCC_WARN_UNDECLARED_SELECTOR = YES;
				GCC_WARN_UNINITIALIZED_AUTOS = YES_AGGRESSIVE;
				GCC_WARN_UNUSED_FUNCTION = YES;
				GCC_WARN_UNUSED_VARIABLE = YES;
				IPHONEOS_DEPLOYMENT_TARGET = 7.1;
				SDKROOT = iphoneos;
				VALIDATE_PRODUCT = YES;
			};
			name = Release;
		};
		5C0AC1F5193B0CCF0086BADE /* Debug */ = {
			isa = XCBuildConfiguration;
			buildSettings = {
				ASSETCATALOG_COMPILER_APPICON_NAME = AppIcon;
				ASSETCATALOG_COMPILER_LAUNCHIMAGE_NAME = LaunchImage;
				GCC_PRECOMPILE_PREFIX_HEADER = YES;
				GCC_PREFIX_HEADER = "ST/ST-Prefix.pch";
				INFOPLIST_FILE = "ST/ST-Info.plist";
				PRODUCT_NAME = "$(TARGET_NAME)";
				WRAPPER_EXTENSION = app;
			};
			name = Debug;
		};
		5C0AC1F6193B0CCF0086BADE /* Release */ = {
			isa = XCBuildConfiguration;
			buildSettings = {
				ASSETCATALOG_COMPILER_APPICON_NAME = AppIcon;
				ASSETCATALOG_COMPILER_LAUNCHIMAGE_NAME = LaunchImage;
				GCC_PRECOMPILE_PREFIX_HEADER = YES;
				GCC_PREFIX_HEADER = "ST/ST-Prefix.pch";
				INFOPLIST_FILE = "ST/ST-Info.plist";
				PRODUCT_NAME = "$(TARGET_NAME)";
				WRAPPER_EXTENSION = app;
			};
			name = Release;
		};
		5C0AC1F8193B0CCF0086BADE /* Debug */ = {
			isa = XCBuildConfiguration;
			buildSettings = {
				BUNDLE_LOADER = "$(BUILT_PRODUCTS_DIR)/ST.app/ST";
				FRAMEWORK_SEARCH_PATHS = (
					"$(SDKROOT)/Developer/Library/Frameworks",
					"$(inherited)",
					"$(DEVELOPER_FRAMEWORKS_DIR)",
				);
				GCC_PRECOMPILE_PREFIX_HEADER = YES;
				GCC_PREFIX_HEADER = "ST/ST-Prefix.pch";
				GCC_PREPROCESSOR_DEFINITIONS = (
					"DEBUG=1",
					"$(inherited)",
				);
				INFOPLIST_FILE = "STTests/STTests-Info.plist";
				PRODUCT_NAME = "$(TARGET_NAME)";
				TEST_HOST = "$(BUNDLE_LOADER)";
				WRAPPER_EXTENSION = xctest;
			};
			name = Debug;
		};
		5C0AC1F9193B0CCF0086BADE /* Release */ = {
			isa = XCBuildConfiguration;
			buildSettings = {
				BUNDLE_LOADER = "$(BUILT_PRODUCTS_DIR)/ST.app/ST";
				FRAMEWORK_SEARCH_PATHS = (
					"$(SDKROOT)/Developer/Library/Frameworks",
					"$(inherited)",
					"$(DEVELOPER_FRAMEWORKS_DIR)",
				);
				GCC_PRECOMPILE_PREFIX_HEADER = YES;
				GCC_PREFIX_HEADER = "ST/ST-Prefix.pch";
				INFOPLIST_FILE = "STTests/STTests-Info.plist";
				PRODUCT_NAME = "$(TARGET_NAME)";
				TEST_HOST = "$(BUNDLE_LOADER)";
				WRAPPER_EXTENSION = xctest;
			};
			name = Release;
		};
/* End XCBuildConfiguration section */

/* Begin XCConfigurationList section */
		5C0AC1BD193B0CCF0086BADE /* Build configuration list for PBXProject "ST" */ = {
			isa = XCConfigurationList;
			buildConfigurations = (
				5C0AC1F2193B0CCF0086BADE /* Debug */,
				5C0AC1F3193B0CCF0086BADE /* Release */,
			);
			defaultConfigurationIsVisible = 0;
			defaultConfigurationName = Release;
		};
		5C0AC1F4193B0CCF0086BADE /* Build configuration list for PBXNativeTarget "ST" */ = {
			isa = XCConfigurationList;
			buildConfigurations = (
				5C0AC1F5193B0CCF0086BADE /* Debug */,
				5C0AC1F6193B0CCF0086BADE /* Release */,
			);
			defaultConfigurationIsVisible = 0;
			defaultConfigurationName = Release;
		};
		5C0AC1F7193B0CCF0086BADE /* Build configuration list for PBXNativeTarget "STTests" */ = {
			isa = XCConfigurationList;
			buildConfigurations = (
				5C0AC1F8193B0CCF0086BADE /* Debug */,
				5C0AC1F9193B0CCF0086BADE /* Release */,
			);
			defaultConfigurationIsVisible = 0;
			defaultConfigurationName = Release;
		};
/* End XCConfigurationList section */
	};
	rootObject = 5C0AC1BA193B0CCF0086BADE /* Project object */;
}
